dependencies:
  esphome/esp-hub75:
    component_hash: 202ba936d1b18780903b734ce9e40b9ec04114dba7420714743018b3047753a8
    dependencies:
    - name: idf
      require: private
      version: '>=4.4.0'
    source:
      registry_url: https://components.espressif.com/
      type: service
    targets:
    - esp32
    - esp32s2
    - esp32s3
    - esp32c6
    - esp32p4
    version: 0.3.6
  idf:
    source:
      type: idf
    version: 6.0.0
  lvgl/lvgl:
    component_hash: b702d642e03e95928046d5c6726558e6444e112420c77efa5fdb6650b0a13c5d
    dependencies: []
    source:
      registry_url: https://components.espressif.com/
      type: service
    version: 9.3.0
direct_dependencies:
- esphome/esp-hub75
- idf
- lvgl/lvgl
manifest_hash: e31610373594dacec7a1f5b788c9cae9215b559b1c768d50d5df8e39eb7c80a3
target: esp32s3
version: 3.0.0
